
Microsoft Visual Studio Solution File, Format Version 12.00
# Visual Studio Version 16
VisualStudioVersion = 16.0.28803.352
MinimumVisualStudioVersion = 10.0.40219.1
Project("{FAE04EC0-301F-11D3-BF4B-00C04F79EFBC}") = "homework", "homework.csproj", "{A2AA9EB9-48B8-429B-B043-1A75FC0342B2}"
EndProject
Global
	GlobalSection(SolutionConfigurationPlatforms) = preSolution
		Debug|Any CPU = Debug|Any CPU
		Release|Any CPU = Release|Any CPU
	EndGlobalSection
	GlobalSection(ProjectConfigurationPlatforms) = postSolution
		{A2AA9EB9-48B8-429B-B043-1A75FC0342B2}.Debug|Any CPU.ActiveCfg = Debug|Any CPU
		{A2AA9EB9-48B8-429B-B043-1A75FC0342B2}.Debug|Any CPU.Build.0 = Debug|Any CPU
		{A2AA9EB9-48B8-429B-B043-1A75FC0342B2}.Release|Any CPU.ActiveCfg = Release|Any CPU
		{A2AA9EB9-48B8-429B-B043-1A75FC0342B2}.Release|Any CPU.Build.0 = Release|Any CPU
	EndGlobalSection
	GlobalSection(SolutionProperties) = preSolution
		HideSolutionNode = FALSE
	EndGlobalSection
	GlobalSection(ExtensibilityGlobals) = postSolution
		SolutionGuid = {22AA2921-811C-4A73-AAC8-7C1A71B5BDFC}
	EndGlobalSection
EndGlobal
